// !$*UTF8*$!
{
	archiveVersion = 1;
	classes = {
	};
	objectVersion = 56;
	objects = {

/* Begin PBXBuildFile section */
		2D087FDF296A261600004EC5 /* simonmcneil_squareprojectApp.swift in Sources */ = {isa = PBXBuildFile; fileRef = 2D087FDE296A261600004EC5 /* simonmcneil_squareprojectApp.swift */; };
		2D087FE1296A261600004EC5 /* HomeView.swift in Sources */ = {isa = PBXBuildFile; fileRef = 2D087FE0296A261600004EC5 /* HomeView.swift */; };
		2D087FE3296A261700004EC5 /* Assets.xcassets in Resources */ = {isa = PBXBuildFile; fileRef = 2D087FE2296A261700004EC5 /* Assets.xcassets */; };
		2DBE23AD296A2C9C007C8BE5 /* Employees.swift in Sources */ = {isa = PBXBuildFile; fileRef = 2DBE23AC296A2C9C007C8BE5 /* Employees.swift */; };
		2DBE23AF296A2CC0007C8BE5 /* EmployeeDetails.swift in Sources */ = {isa = PBXBuildFile; fileRef = 2DBE23AE296A2CC0007C8BE5 /* EmployeeDetails.swift */; };
		2DBE23B1296A2D3F007C8BE5 /* EmployeeSections.swift in Sources */ = {isa = PBXBuildFile; fileRef = 2DBE23B0296A2D3E007C8BE5 /* EmployeeSections.swift */; };
		2DBE23B4296A2D8C007C8BE5 /* APIError.swift in Sources */ = {isa = PBXBuildFile; fileRef = 2DBE23B3296A2D8C007C8BE5 /* APIError.swift */; };
		2DBE23B6296A2DC7007C8BE5 /* HTTPMethod.swift in Sources */ = {isa = PBXBuildFile; fileRef = 2DBE23B5296A2DC7007C8BE5 /* HTTPMethod.swift */; };
		2DBE23B8296A2FDB007C8BE5 /* Resource.swift in Sources */ = {isa = PBXBuildFile; fileRef = 2DBE23B7296A2FDB007C8BE5 /* Resource.swift */; };
		2DBE23BA296A32BD007C8BE5 /* APIEndpoint.swift in Sources */ = {isa = PBXBuildFile; fileRef = 2DBE23B9296A32BD007C8BE5 /* APIEndpoint.swift */; };
		2DBE23BC296A34E7007C8BE5 /* Urls.plist in Resources */ = {isa = PBXBuildFile; fileRef = 2DBE23BB296A34E7007C8BE5 /* Urls.plist */; };
		2DBE23C0296A35F0007C8BE5 /* InfoPlistParser.swift in Sources */ = {isa = PBXBuildFile; fileRef = 2DBE23BF296A35F0007C8BE5 /* InfoPlistParser.swift */; };
		2DBE23C2296A3761007C8BE5 /* APIService.swift in Sources */ = {isa = PBXBuildFile; fileRef = 2DBE23C1296A3761007C8BE5 /* APIService.swift */; };
		2DBE23C7296A3A8A007C8BE5 /* ApiServiceClient.swift in Sources */ = {isa = PBXBuildFile; fileRef = 2DBE23C6296A3A8A007C8BE5 /* ApiServiceClient.swift */; };
		2DBE23D3296A8EBC007C8BE5 /* Preview Assets.xcassets in Resources */ = {isa = PBXBuildFile; fileRef = 2DBE23CF296A8EBC007C8BE5 /* Preview Assets.xcassets */; };
		2DBE23D7296A8F53007C8BE5 /* employee.json in Resources */ = {isa = PBXBuildFile; fileRef = 2DBE23D6296A8F53007C8BE5 /* employee.json */; };
		2DBE23DC296A9B7E007C8BE5 /* DecodeParser.swift in Sources */ = {isa = PBXBuildFile; fileRef = 2DBE23DB296A9B7E007C8BE5 /* DecodeParser.swift */; };
		2DBE23DF296B2759007C8BE5 /* EmployeeViewModel.swift in Sources */ = {isa = PBXBuildFile; fileRef = 2DBE23DE296B2759007C8BE5 /* EmployeeViewModel.swift */; };
		2DBE23E3296B2CB3007C8BE5 /* Ext+Sequence.swift in Sources */ = {isa = PBXBuildFile; fileRef = 2DBE23E2296B2CB3007C8BE5 /* Ext+Sequence.swift */; };
		2DBE23E6296B312B007C8BE5 /* OrderedCollections in Frameworks */ = {isa = PBXBuildFile; productRef = 2DBE23E5296B312B007C8BE5 /* OrderedCollections */; };
		2DBE23E8296B387A007C8BE5 /* EmployeeViewModelTests.swift in Sources */ = {isa = PBXBuildFile; fileRef = 2DBE23E7296B387A007C8BE5 /* EmployeeViewModelTests.swift */; };
		2DBE23EA296B405F007C8BE5 /* ApiClientTests.swift in Sources */ = {isa = PBXBuildFile; fileRef = 2DBE23E9296B405F007C8BE5 /* ApiClientTests.swift */; };
		2DBE23EC296B44CF007C8BE5 /* decodingError.json in Resources */ = {isa = PBXBuildFile; fileRef = 2DBE23EB296B44CF007C8BE5 /* decodingError.json */; };
		2DBE23EE296B4ECB007C8BE5 /* EndpointConfigurable.swift in Sources */ = {isa = PBXBuildFile; fileRef = 2DBE23ED296B4ECB007C8BE5 /* EndpointConfigurable.swift */; };
		2DBE23F0296B4EE9007C8BE5 /* MockApiEndPoints.swift in Sources */ = {isa = PBXBuildFile; fileRef = 2DBE23EF296B4EE9007C8BE5 /* MockApiEndPoints.swift */; };
		2DBE23F2296B5611007C8BE5 /* ApiPreviewClient.swift in Sources */ = {isa = PBXBuildFile; fileRef = 2DBE23D8296A8FDF007C8BE5 /* ApiPreviewClient.swift */; };
		2DBE23F6296B6B47007C8BE5 /* DownloadImageView.swift in Sources */ = {isa = PBXBuildFile; fileRef = 2DBE23F5296B6B47007C8BE5 /* DownloadImageView.swift */; };
		2DBE23F8296B6BBD007C8BE5 /* ImageLoadingViewModel.swift in Sources */ = {isa = PBXBuildFile; fileRef = 2DBE23F7296B6BBD007C8BE5 /* ImageLoadingViewModel.swift */; };
		2DBE23FD296B6C50007C8BE5 /* ImageCacheManager.swift in Sources */ = {isa = PBXBuildFile; fileRef = 2DBE23FC296B6C50007C8BE5 /* ImageCacheManager.swift */; };
		2DBE23FF296B6CC5007C8BE5 /* UIHelper.swift in Sources */ = {isa = PBXBuildFile; fileRef = 2DBE23FE296B6CC5007C8BE5 /* UIHelper.swift */; };
		2DBE2401296BB305007C8BE5 /* CustomNavBar.swift in Sources */ = {isa = PBXBuildFile; fileRef = 2DBE2400296BB305007C8BE5 /* CustomNavBar.swift */; };
		2DBE2406296BC733007C8BE5 /* ImageModel.swift in Sources */ = {isa = PBXBuildFile; fileRef = 2DBE2405296BC733007C8BE5 /* ImageModel.swift */; };
/* End PBXBuildFile section */

/* Begin PBXContainerItemProxy section */
		2D087FEC296A261700004EC5 /* PBXContainerItemProxy */ = {
			isa = PBXContainerItemProxy;
			containerPortal = 2D087FD3296A261600004EC5 /* Project object */;
			proxyType = 1;
			remoteGlobalIDString = 2D087FDA296A261600004EC5;
			remoteInfo = simonmcneil_squareproject;
		};
		2D087FF6296A261700004EC5 /* PBXContainerItemProxy */ = {
			isa = PBXContainerItemProxy;
			containerPortal = 2D087FD3296A261600004EC5 /* Project object */;
			proxyType = 1;
			remoteGlobalIDString = 2D087FDA296A261600004EC5;
			remoteInfo = simonmcneil_squareproject;
		};
/* End PBXContainerItemProxy section */

/* Begin PBXFileReference section */
		2D087FDB296A261600004EC5 /* simonmcneil_squareproject.app */ = {isa = PBXFileReference; explicitFileType = wrapper.application; includeInIndex = 0; path = simonmcneil_squareproject.app; sourceTree = BUILT_PRODUCTS_DIR; };
		2D087FDE296A261600004EC5 /* simonmcneil_squareprojectApp.swift */ = {isa = PBXFileReference; lastKnownFileType = sourcecode.swift; path = simonmcneil_squareprojectApp.swift; sourceTree = "<group>"; };
		2D087FE0296A261600004EC5 /* HomeView.swift */ = {isa = PBXFileReference; lastKnownFileType = sourcecode.swift; path = HomeView.swift; sourceTree = "<group>"; };
		2D087FE2296A261700004EC5 /* Assets.xcassets */ = {isa = PBXFileReference; lastKnownFileType = folder.assetcatalog; path = Assets.xcassets; sourceTree = "<group>"; };
		2D087FEB296A261700004EC5 /* simonmcneil_squareprojectTests.xctest */ = {isa = PBXFileReference; explicitFileType = wrapper.cfbundle; includeInIndex = 0; path = simonmcneil_squareprojectTests.xctest; sourceTree = BUILT_PRODUCTS_DIR; };
		2D087FF5296A261700004EC5 /* simonmcneil_squareprojectUITests.xctest */ = {isa = PBXFileReference; explicitFileType = wrapper.cfbundle; includeInIndex = 0; path = simonmcneil_squareprojectUITests.xctest; sourceTree = BUILT_PRODUCTS_DIR; };
		2DBE23AC296A2C9C007C8BE5 /* Employees.swift */ = {isa = PBXFileReference; lastKnownFileType = sourcecode.swift; path = Employees.swift; sourceTree = "<group>"; };
		2DBE23AE296A2CC0007C8BE5 /* EmployeeDetails.swift */ = {isa = PBXFileReference; lastKnownFileType = sourcecode.swift; path = EmployeeDetails.swift; sourceTree = "<group>"; };
		2DBE23B0296A2D3E007C8BE5 /* EmployeeSections.swift */ = {isa = PBXFileReference; lastKnownFileType = sourcecode.swift; path = EmployeeSections.swift; sourceTree = "<group>"; };
		2DBE23B3296A2D8C007C8BE5 /* APIError.swift */ = {isa = PBXFileReference; lastKnownFileType = sourcecode.swift; path = APIError.swift; sourceTree = "<group>"; };
		2DBE23B5296A2DC7007C8BE5 /* HTTPMethod.swift */ = {isa = PBXFileReference; lastKnownFileType = sourcecode.swift; path = HTTPMethod.swift; sourceTree = "<group>"; };
		2DBE23B7296A2FDB007C8BE5 /* Resource.swift */ = {isa = PBXFileReference; lastKnownFileType = sourcecode.swift; path = Resource.swift; sourceTree = "<group>"; };
		2DBE23B9296A32BD007C8BE5 /* APIEndpoint.swift */ = {isa = PBXFileReference; lastKnownFileType = sourcecode.swift; path = APIEndpoint.swift; sourceTree = "<group>"; };
		2DBE23BB296A34E7007C8BE5 /* Urls.plist */ = {isa = PBXFileReference; lastKnownFileType = text.plist.xml; path = Urls.plist; sourceTree = "<group>"; };
		2DBE23BF296A35F0007C8BE5 /* InfoPlistParser.swift */ = {isa = PBXFileReference; lastKnownFileType = sourcecode.swift; path = InfoPlistParser.swift; sourceTree = "<group>"; };
		2DBE23C1296A3761007C8BE5 /* APIService.swift */ = {isa = PBXFileReference; lastKnownFileType = sourcecode.swift; path = APIService.swift; sourceTree = "<group>"; };
		2DBE23C6296A3A8A007C8BE5 /* ApiServiceClient.swift */ = {isa = PBXFileReference; lastKnownFileType = sourcecode.swift; path = ApiServiceClient.swift; sourceTree = "<group>"; };
		2DBE23CF296A8EBC007C8BE5 /* Preview Assets.xcassets */ = {isa = PBXFileReference; lastKnownFileType = folder.assetcatalog; path = "Preview Assets.xcassets"; sourceTree = "<group>"; };
		2DBE23D6296A8F53007C8BE5 /* employee.json */ = {isa = PBXFileReference; lastKnownFileType = text.json; path = employee.json; sourceTree = "<group>"; };
		2DBE23D8296A8FDF007C8BE5 /* ApiPreviewClient.swift */ = {isa = PBXFileReference; lastKnownFileType = sourcecode.swift; path = ApiPreviewClient.swift; sourceTree = "<group>"; };
		2DBE23DB296A9B7E007C8BE5 /* DecodeParser.swift */ = {isa = PBXFileReference; lastKnownFileType = sourcecode.swift; path = DecodeParser.swift; sourceTree = "<group>"; };
		2DBE23DE296B2759007C8BE5 /* EmployeeViewModel.swift */ = {isa = PBXFileReference; lastKnownFileType = sourcecode.swift; path = EmployeeViewModel.swift; sourceTree = "<group>"; };
		2DBE23E2296B2CB3007C8BE5 /* Ext+Sequence.swift */ = {isa = PBXFileReference; lastKnownFileType = sourcecode.swift; path = "Ext+Sequence.swift"; sourceTree = "<group>"; };
		2DBE23E7296B387A007C8BE5 /* EmployeeViewModelTests.swift */ = {isa = PBXFileReference; lastKnownFileType = sourcecode.swift; path = EmployeeViewModelTests.swift; sourceTree = "<group>"; };
		2DBE23E9296B405F007C8BE5 /* ApiClientTests.swift */ = {isa = PBXFileReference; lastKnownFileType = sourcecode.swift; path = ApiClientTests.swift; sourceTree = "<group>"; };
		2DBE23EB296B44CF007C8BE5 /* decodingError.json */ = {isa = PBXFileReference; lastKnownFileType = text.json; path = decodingError.json; sourceTree = "<group>"; };
		2DBE23ED296B4ECB007C8BE5 /* EndpointConfigurable.swift */ = {isa = PBXFileReference; lastKnownFileType = sourcecode.swift; path = EndpointConfigurable.swift; sourceTree = "<group>"; };
		2DBE23EF296B4EE9007C8BE5 /* MockApiEndPoints.swift */ = {isa = PBXFileReference; lastKnownFileType = sourcecode.swift; path = MockApiEndPoints.swift; sourceTree = "<group>"; };
		2DBE23F5296B6B47007C8BE5 /* DownloadImageView.swift */ = {isa = PBXFileReference; lastKnownFileType = sourcecode.swift; path = DownloadImageView.swift; sourceTree = "<group>"; };
		2DBE23F7296B6BBD007C8BE5 /* ImageLoadingViewModel.swift */ = {isa = PBXFileReference; lastKnownFileType = sourcecode.swift; path = ImageLoadingViewModel.swift; sourceTree = "<group>"; };
		2DBE23FC296B6C50007C8BE5 /* ImageCacheManager.swift */ = {isa = PBXFileReference; lastKnownFileType = sourcecode.swift; path = ImageCacheManager.swift; sourceTree = "<group>"; };
		2DBE23FE296B6CC5007C8BE5 /* UIHelper.swift */ = {isa = PBXFileReference; lastKnownFileType = sourcecode.swift; path = UIHelper.swift; sourceTree = "<group>"; };
		2DBE2400296BB305007C8BE5 /* CustomNavBar.swift */ = {isa = PBXFileReference; lastKnownFileType = sourcecode.swift; path = CustomNavBar.swift; sourceTree = "<group>"; };
		2DBE2405296BC733007C8BE5 /* ImageModel.swift */ = {isa = PBXFileReference; lastKnownFileType = sourcecode.swift; path = ImageModel.swift; sourceTree = "<group>"; };
/* End PBXFileReference section */

/* Begin PBXFrameworksBuildPhase section */
		2D087FD8296A261600004EC5 /* Frameworks */ = {
			isa = PBXFrameworksBuildPhase;
			buildActionMask = 2147483647;
			files = (
				2DBE23E6296B312B007C8BE5 /* OrderedCollections in Frameworks */,
			);
			runOnlyForDeploymentPostprocessing = 0;
		};
		2D087FE8296A261700004EC5 /* Frameworks */ = {
			isa = PBXFrameworksBuildPhase;
			buildActionMask = 2147483647;
			files = (
			);
			runOnlyForDeploymentPostprocessing = 0;
		};
		2D087FF2296A261700004EC5 /* Frameworks */ = {
			isa = PBXFrameworksBuildPhase;
			buildActionMask = 2147483647;
			files = (
			);
			runOnlyForDeploymentPostprocessing = 0;
		};
/* End PBXFrameworksBuildPhase section */

/* Begin PBXGroup section */
		2D087FD2296A261600004EC5 = {
			isa = PBXGroup;
			children = (
				2D087FDD296A261600004EC5 /* simonmcneil_squareproject */,
				2D087FEE296A261700004EC5 /* simonmcneil_squareprojectTests */,
				2D087FDC296A261600004EC5 /* Products */,
			);
			sourceTree = "<group>";
		};
		2D087FDC296A261600004EC5 /* Products */ = {
			isa = PBXGroup;
			children = (
				2D087FDB296A261600004EC5 /* simonmcneil_squareproject.app */,
				2D087FEB296A261700004EC5 /* simonmcneil_squareprojectTests.xctest */,
				2D087FF5296A261700004EC5 /* simonmcneil_squareprojectUITests.xctest */,
			);
			name = Products;
			sourceTree = "<group>";
		};
		2D087FDD296A261600004EC5 /* simonmcneil_squareproject */ = {
			isa = PBXGroup;
			children = (
				2DBE23BB296A34E7007C8BE5 /* Urls.plist */,
				2D087FDE296A261600004EC5 /* simonmcneil_squareprojectApp.swift */,
				2DBE23E1296B2C98007C8BE5 /* Extensions */,
				2DBE2404296BC721007C8BE5 /* Models */,
				2D088008296A264200004EC5 /* Networking */,
				2DBE2407296BD765007C8BE5 /* Presentation */,
				2DBE23F9296B6C09007C8BE5 /* Utilities */,
			);
			path = simonmcneil_squareproject;
			sourceTree = "<group>";
		};
		2D087FEE296A261700004EC5 /* simonmcneil_squareprojectTests */ = {
			isa = PBXGroup;
			children = (
				2DBE23E7296B387A007C8BE5 /* EmployeeViewModelTests.swift */,
				2DBE23E9296B405F007C8BE5 /* ApiClientTests.swift */,
				2DBE23EF296B4EE9007C8BE5 /* MockApiEndPoints.swift */,
			);
			path = simonmcneil_squareprojectTests;
			sourceTree = "<group>";
		};
		2D088008296A264200004EC5 /* Networking */ = {
			isa = PBXGroup;
			children = (
				2DBE23C3296A38A1007C8BE5 /* Protocols */,
				2DBE23B2296A2D7F007C8BE5 /* Enums */,
				2DBE23AB296A2C74007C8BE5 /* Networking Models */,
				2DBE23C6296A3A8A007C8BE5 /* ApiServiceClient.swift */,
				2DBE23DB296A9B7E007C8BE5 /* DecodeParser.swift */,
			);
			path = Networking;
			sourceTree = "<group>";
		};
		2DBE23AB296A2C74007C8BE5 /* Networking Models */ = {
			isa = PBXGroup;
			children = (
				2DBE23AC296A2C9C007C8BE5 /* Employees.swift */,
				2DBE23AE296A2CC0007C8BE5 /* EmployeeDetails.swift */,
				2DBE23B7296A2FDB007C8BE5 /* Resource.swift */,
			);
			path = "Networking Models";
			sourceTree = "<group>";
		};
		2DBE23B2296A2D7F007C8BE5 /* Enums */ = {
			isa = PBXGroup;
			children = (
				2DBE23B3296A2D8C007C8BE5 /* APIError.swift */,
				2DBE23B5296A2DC7007C8BE5 /* HTTPMethod.swift */,
				2DBE23B9296A32BD007C8BE5 /* APIEndpoint.swift */,
			);
			path = Enums;
			sourceTree = "<group>";
		};
		2DBE23C3296A38A1007C8BE5 /* Protocols */ = {
			isa = PBXGroup;
			children = (
				2DBE23C1296A3761007C8BE5 /* APIService.swift */,
				2DBE23ED296B4ECB007C8BE5 /* EndpointConfigurable.swift */,
			);
			path = Protocols;
			sourceTree = "<group>";
		};
		2DBE23CA296A8EBC007C8BE5 /* Preview Content */ = {
			isa = PBXGroup;
			children = (
				2DBE23CF296A8EBC007C8BE5 /* Preview Assets.xcassets */,
				2DBE23D8296A8FDF007C8BE5 /* ApiPreviewClient.swift */,
				2DBE23CB296A8EBC007C8BE5 /* Stubs */,
			);
			path = "Preview Content";
			sourceTree = "<group>";
		};
		2DBE23CB296A8EBC007C8BE5 /* Stubs */ = {
			isa = PBXGroup;
			children = (
				2DBE23D6296A8F53007C8BE5 /* employee.json */,
				2DBE23EB296B44CF007C8BE5 /* decodingError.json */,
			);
			path = Stubs;
			sourceTree = "<group>";
		};
		2DBE23DD296B274A007C8BE5 /* ViewModels */ = {
			isa = PBXGroup;
			children = (
				2DBE23DE296B2759007C8BE5 /* EmployeeViewModel.swift */,
				2DBE23F7296B6BBD007C8BE5 /* ImageLoadingViewModel.swift */,
			);
			path = ViewModels;
			sourceTree = "<group>";
		};
		2DBE23E1296B2C98007C8BE5 /* Extensions */ = {
			isa = PBXGroup;
			children = (
				2DBE23E2296B2CB3007C8BE5 /* Ext+Sequence.swift */,
			);
			path = Extensions;
			sourceTree = "<group>";
		};
		2DBE23F4296B6B36007C8BE5 /* Views */ = {
			isa = PBXGroup;
			children = (
				2D087FE0296A261600004EC5 /* HomeView.swift */,
				2DBE23F5296B6B47007C8BE5 /* DownloadImageView.swift */,
				2DBE2400296BB305007C8BE5 /* CustomNavBar.swift */,
			);
			path = Views;
			sourceTree = "<group>";
		};
		2DBE23F9296B6C09007C8BE5 /* Utilities */ = {
			isa = PBXGroup;
			children = (
				2DBE23BF296A35F0007C8BE5 /* InfoPlistParser.swift */,
				2DBE23FC296B6C50007C8BE5 /* ImageCacheManager.swift */,
				2DBE23FE296B6CC5007C8BE5 /* UIHelper.swift */,
			);
			path = Utilities;
			sourceTree = "<group>";
		};
		2DBE2404296BC721007C8BE5 /* Models */ = {
			isa = PBXGroup;
			children = (
				2DBE23B0296A2D3E007C8BE5 /* EmployeeSections.swift */,
				2DBE2405296BC733007C8BE5 /* ImageModel.swift */,
			);
			path = Models;
			sourceTree = "<group>";
		};
		2DBE2407296BD765007C8BE5 /* Presentation */ = {
			isa = PBXGroup;
			children = (
				2DBE23DD296B274A007C8BE5 /* ViewModels */,
				2D087FE2296A261700004EC5 /* Assets.xcassets */,
				2DBE23CA296A8EBC007C8BE5 /* Preview Content */,
				2DBE23F4296B6B36007C8BE5 /* Views */,
			);
			path = Presentation;
			sourceTree = "<group>";
		};
/* End PBXGroup section */

/* Begin PBXNativeTarget section */
		2D087FDA296A261600004EC5 /* simonmcneil_squareproject */ = {
			isa = PBXNativeTarget;
			buildConfigurationList = 2D087FFF296A261700004EC5 /* Build configuration list for PBXNativeTarget "simonmcneil_squareproject" */;
			buildPhases = (
				2D087FD7296A261600004EC5 /* Sources */,
				2D087FD8296A261600004EC5 /* Frameworks */,
				2D087FD9296A261600004EC5 /* Resources */,
			);
			buildRules = (
			);
			dependencies = (
			);
			name = simonmcneil_squareproject;
			packageProductDependencies = (
				2DBE23E5296B312B007C8BE5 /* OrderedCollections */,
			);
			productName = simonmcneil_squareproject;
			productReference = 2D087FDB296A261600004EC5 /* simonmcneil_squareproject.app */;
			productType = "com.apple.product-type.application";
		};
		2D087FEA296A261700004EC5 /* simonmcneil_squareprojectTests */ = {
			isa = PBXNativeTarget;
			buildConfigurationList = 2D088002296A261700004EC5 /* Build configuration list for PBXNativeTarget "simonmcneil_squareprojectTests" */;
			buildPhases = (
				2D087FE7296A261700004EC5 /* Sources */,
				2D087FE8296A261700004EC5 /* Frameworks */,
				2D087FE9296A261700004EC5 /* Resources */,
			);
			buildRules = (
			);
			dependencies = (
				2D087FED296A261700004EC5 /* PBXTargetDependency */,
			);
			name = simonmcneil_squareprojectTests;
			productName = simonmcneil_squareprojectTests;
			productReference = 2D087FEB296A261700004EC5 /* simonmcneil_squareprojectTests.xctest */;
			productType = "com.apple.product-type.bundle.unit-test";
		};
		2D087FF4296A261700004EC5 /* simonmcneil_squareprojectUITests */ = {
			isa = PBXNativeTarget;
			buildConfigurationList = 2D088005296A261700004EC5 /* Build configuration list for PBXNativeTarget "simonmcneil_squareprojectUITests" */;
			buildPhases = (
				2D087FF1296A261700004EC5 /* Sources */,
				2D087FF2296A261700004EC5 /* Frameworks */,
				2D087FF3296A261700004EC5 /* Resources */,
			);
			buildRules = (
			);
			dependencies = (
				2D087FF7296A261700004EC5 /* PBXTargetDependency */,
			);
			name = simonmcneil_squareprojectUITests;
			productName = simonmcneil_squareprojectUITests;
			productReference = 2D087FF5296A261700004EC5 /* simonmcneil_squareprojectUITests.xctest */;
			productType = "com.apple.product-type.bundle.ui-testing";
		};
/* End PBXNativeTarget section */

/* Begin PBXProject section */
		2D087FD3296A261600004EC5 /* Project object */ = {
			isa = PBXProject;
			attributes = {
				BuildIndependentTargetsInParallel = 1;
				LastSwiftUpdateCheck = 1410;
				LastUpgradeCheck = 1410;
				TargetAttributes = {
					2D087FDA296A261600004EC5 = {
						CreatedOnToolsVersion = 14.1;
					};
					2D087FEA296A261700004EC5 = {
						CreatedOnToolsVersion = 14.1;
						TestTargetID = 2D087FDA296A261600004EC5;
					};
					2D087FF4296A261700004EC5 = {
						CreatedOnToolsVersion = 14.1;
						TestTargetID = 2D087FDA296A261600004EC5;
					};
				};
			};
			buildConfigurationList = 2D087FD6296A261600004EC5 /* Build configuration list for PBXProject "simonmcneil_squareproject" */;
			compatibilityVersion = "Xcode 14.0";
			developmentRegion = en;
			hasScannedForEncodings = 0;
			knownRegions = (
				en,
				Base,
			);
			mainGroup = 2D087FD2296A261600004EC5;
			packageReferences = (
				2DBE23E4296B312B007C8BE5 /* XCRemoteSwiftPackageReference "swift-collections" */,
			);
			productRefGroup = 2D087FDC296A261600004EC5 /* Products */;
			projectDirPath = "";
			projectRoot = "";
			targets = (
				2D087FDA296A261600004EC5 /* simonmcneil_squareproject */,
				2D087FEA296A261700004EC5 /* simonmcneil_squareprojectTests */,
				2D087FF4296A261700004EC5 /* simonmcneil_squareprojectUITests */,
			);
		};
/* End PBXProject section */

/* Begin PBXResourcesBuildPhase section */
		2D087FD9296A261600004EC5 /* Resources */ = {
			isa = PBXResourcesBuildPhase;
			buildActionMask = 2147483647;
			files = (
				2DBE23EC296B44CF007C8BE5 /* decodingError.json in Resources */,
				2DBE23BC296A34E7007C8BE5 /* Urls.plist in Resources */,
				2DBE23D7296A8F53007C8BE5 /* employee.json in Resources */,
				2DBE23D3296A8EBC007C8BE5 /* Preview Assets.xcassets in Resources */,
				2D087FE3296A261700004EC5 /* Assets.xcassets in Resources */,
			);
			runOnlyForDeploymentPostprocessing = 0;
		};
		2D087FE9296A261700004EC5 /* Resources */ = {
			isa = PBXResourcesBuildPhase;
			buildActionMask = 2147483647;
			files = (
			);
			runOnlyForDeploymentPostprocessing = 0;
		};
		2D087FF3296A261700004EC5 /* Resources */ = {
			isa = PBXResourcesBuildPhase;
			buildActionMask = 2147483647;
			files = (
			);
			runOnlyForDeploymentPostprocessing = 0;
		};
/* End PBXResourcesBuildPhase section */

/* Begin PBXSourcesBuildPhase section */
		2D087FD7296A261600004EC5 /* Sources */ = {
			isa = PBXSourcesBuildPhase;
			buildActionMask = 2147483647;
			files = (
				2D087FE1296A261600004EC5 /* HomeView.swift in Sources */,
				2DBE23BA296A32BD007C8BE5 /* APIEndpoint.swift in Sources */,
				2DBE23E3296B2CB3007C8BE5 /* Ext+Sequence.swift in Sources */,
				2DBE23FF296B6CC5007C8BE5 /* UIHelper.swift in Sources */,
				2DBE23B8296A2FDB007C8BE5 /* Resource.swift in Sources */,
				2DBE23F6296B6B47007C8BE5 /* DownloadImageView.swift in Sources */,
				2DBE23EE296B4ECB007C8BE5 /* EndpointConfigurable.swift in Sources */,
				2DBE23C2296A3761007C8BE5 /* APIService.swift in Sources */,
				2DBE23FD296B6C50007C8BE5 /* ImageCacheManager.swift in Sources */,
				2DBE23AD296A2C9C007C8BE5 /* Employees.swift in Sources */,
				2DBE23B6296A2DC7007C8BE5 /* HTTPMethod.swift in Sources */,
				2DBE23F2296B5611007C8BE5 /* ApiPreviewClient.swift in Sources */,
				2DBE2406296BC733007C8BE5 /* ImageModel.swift in Sources */,
				2DBE2401296BB305007C8BE5 /* CustomNavBar.swift in Sources */,
				2DBE23AF296A2CC0007C8BE5 /* EmployeeDetails.swift in Sources */,
				2DBE23C7296A3A8A007C8BE5 /* ApiServiceClient.swift in Sources */,
				2D087FDF296A261600004EC5 /* simonmcneil_squareprojectApp.swift in Sources */,
				2DBE23B1296A2D3F007C8BE5 /* EmployeeSections.swift in Sources */,
				2DBE23DC296A9B7E007C8BE5 /* DecodeParser.swift in Sources */,
				2DBE23B4296A2D8C007C8BE5 /* APIError.swift in Sources */,
				2DBE23DF296B2759007C8BE5 /* EmployeeViewModel.swift in Sources */,
				2DBE23F8296B6BBD007C8BE5 /* ImageLoadingViewModel.swift in Sources */,
				2DBE23C0296A35F0007C8BE5 /* InfoPlistParser.swift in Sources */,
			);
			runOnlyForDeploymentPostprocessing = 0;
		};
		2D087FE7296A261700004EC5 /* Sources */ = {
			isa = PBXSourcesBuildPhase;
			buildActionMask = 2147483647;
			files = (
				2DBE23F0296B4EE9007C8BE5 /* MockApiEndPoints.swift in Sources */,
				2DBE23E8296B387A007C8BE5 /* EmployeeViewModelTests.swift in Sources */,
				2DBE23EA296B405F007C8BE5 /* ApiClientTests.swift in Sources */,
			);
			runOnlyForDeploymentPostprocessing = 0;
		};
		2D087FF1296A261700004EC5 /* Sources */ = {
			isa = PBXSourcesBuildPhase;
			buildActionMask = 2147483647;
			files = (
			);
			runOnlyForDeploymentPostprocessing = 0;
		};
/* End PBXSourcesBuildPhase section */

/* Begin PBXTargetDependency section */
		2D087FED296A261700004EC5 /* PBXTargetDependency */ = {
			isa = PBXTargetDependency;
			target = 2D087FDA296A261600004EC5 /* simonmcneil_squareproject */;
			targetProxy = 2D087FEC296A261700004EC5 /* PBXContainerItemProxy */;
		};
		2D087FF7296A261700004EC5 /* PBXTargetDependency */ = {
			isa = PBXTargetDependency;
			target = 2D087FDA296A261600004EC5 /* simonmcneil_squareproject */;
			targetProxy = 2D087FF6296A261700004EC5 /* PBXContainerItemProxy */;
		};
/* End PBXTargetDependency section */

/* Begin XCBuildConfiguration section */
		2D087FFD296A261700004EC5 /* Debug */ = {
			isa = XCBuildConfiguration;
			buildSettings = {
				ALWAYS_SEARCH_USER_PATHS = NO;
				CLANG_ANALYZER_NONNULL = YES;
				CLANG_ANALYZER_NUMBER_OBJECT_CONVERSION = YES_AGGRESSIVE;
				CLANG_CXX_LANGUAGE_STANDARD = "gnu++20";
				CLANG_ENABLE_MODULES = YES;
				CLANG_ENABLE_OBJC_ARC = YES;
				CLANG_ENABLE_OBJC_WEAK = YES;
				CLANG_WARN_BLOCK_CAPTURE_AUTORELEASING = YES;
				CLANG_WARN_BOOL_CONVERSION = YES;
				CLANG_WARN_COMMA = YES;
				CLANG_WARN_CONSTANT_CONVERSION = YES;
				CLANG_WARN_DEPRECATED_OBJC_IMPLEMENTATIONS = YES;
				CLANG_WARN_DIRECT_OBJC_ISA_USAGE = YES_ERROR;
				CLANG_WARN_DOCUMENTATION_COMMENTS = YES;
				CLANG_WARN_EMPTY_BODY = YES;
				CLANG_WARN_ENUM_CONVERSION = YES;
				CLANG_WARN_INFINITE_RECURSION = YES;
				CLANG_WARN_INT_CONVERSION = YES;
				CLANG_WARN_NON_LITERAL_NULL_CONVERSION = YES;
				CLANG_WARN_OBJC_IMPLICIT_RETAIN_SELF = YES;
				CLANG_WARN_OBJC_LITERAL_CONVERSION = YES;
				CLANG_WARN_OBJC_ROOT_CLASS = YES_ERROR;
				CLANG_WARN_QUOTED_INCLUDE_IN_FRAMEWORK_HEADER = YES;
				CLANG_WARN_RANGE_LOOP_ANALYSIS = YES;
				CLANG_WARN_STRICT_PROTOTYPES = YES;
				CLANG_WARN_SUSPICIOUS_MOVE = YES;
				CLANG_WARN_UNGUARDED_AVAILABILITY = YES_AGGRESSIVE;
				CLANG_WARN_UNREACHABLE_CODE = YES;
				CLANG_WARN__DUPLICATE_METHOD_MATCH = YES;
				COPY_PHASE_STRIP = NO;
				DEBUG_INFORMATION_FORMAT = dwarf;
				ENABLE_STRICT_OBJC_MSGSEND = YES;
				ENABLE_TESTABILITY = YES;
				GCC_C_LANGUAGE_STANDARD = gnu11;
				GCC_DYNAMIC_NO_PIC = NO;
				GCC_NO_COMMON_BLOCKS = YES;
				GCC_OPTIMIZATION_LEVEL = 0;
				GCC_PREPROCESSOR_DEFINITIONS = (
					"DEBUG=1",
					"$(inherited)",
				);
				GCC_WARN_64_TO_32_BIT_CONVERSION = YES;
				GCC_WARN_ABOUT_RETURN_TYPE = YES_ERROR;
				GCC_WARN_UNDECLARED_SELECTOR = YES;
				GCC_WARN_UNINITIALIZED_AUTOS = YES_AGGRESSIVE;
				GCC_WARN_UNUSED_FUNCTION = YES;
				GCC_WARN_UNUSED_VARIABLE = YES;
				IPHONEOS_DEPLOYMENT_TARGET = 16.1;
				MTL_ENABLE_DEBUG_INFO = INCLUDE_SOURCE;
				MTL_FAST_MATH = YES;
				ONLY_ACTIVE_ARCH = YES;
				SDKROOT = iphoneos;
				SWIFT_ACTIVE_COMPILATION_CONDITIONS = DEBUG;
				SWIFT_OPTIMIZATION_LEVEL = "-Onone";
			};
			name = Debug;
		};
		2D087FFE296A261700004EC5 /* Release */ = {
			isa = XCBuildConfiguration;
			buildSettings = {
				ALWAYS_SEARCH_USER_PATHS = NO;
				CLANG_ANALYZER_NONNULL = YES;
				CLANG_ANALYZER_NUMBER_OBJECT_CONVERSION = YES_AGGRESSIVE;
				CLANG_CXX_LANGUAGE_STANDARD = "gnu++20";
				CLANG_ENABLE_MODULES = YES;
				CLANG_ENABLE_OBJC_ARC = YES;
				CLANG_ENABLE_OBJC_WEAK = YES;
				CLANG_WARN_BLOCK_CAPTURE_AUTORELEASING = YES;
				CLANG_WARN_BOOL_CONVERSION = YES;
				CLANG_WARN_COMMA = YES;
				CLANG_WARN_CONSTANT_CONVERSION = YES;
				CLANG_WARN_DEPRECATED_OBJC_IMPLEMENTATIONS = YES;
				CLANG_WARN_DIRECT_OBJC_ISA_USAGE = YES_ERROR;
				CLANG_WARN_DOCUMENTATION_COMMENTS = YES;
				CLANG_WARN_EMPTY_BODY = YES;
				CLANG_WARN_ENUM_CONVERSION = YES;
				CLANG_WARN_INFINITE_RECURSION = YES;
				CLANG_WARN_INT_CONVERSION = YES;
				CLANG_WARN_NON_LITERAL_NULL_CONVERSION = YES;
				CLANG_WARN_OBJC_IMPLICIT_RETAIN_SELF = YES;
				CLANG_WARN_OBJC_LITERAL_CONVERSION = YES;
				CLANG_WARN_OBJC_ROOT_CLASS = YES_ERROR;
				CLANG_WARN_QUOTED_INCLUDE_IN_FRAMEWORK_HEADER = YES;
				CLANG_WARN_RANGE_LOOP_ANALYSIS = YES;
				CLANG_WARN_STRICT_PROTOTYPES = YES;
				CLANG_WARN_SUSPICIOUS_MOVE = YES;
				CLANG_WARN_UNGUARDED_AVAILABILITY = YES_AGGRESSIVE;
				CLANG_WARN_UNREACHABLE_CODE = YES;
				CLANG_WARN__DUPLICATE_METHOD_MATCH = YES;
				COPY_PHASE_STRIP = NO;
				DEBUG_INFORMATION_FORMAT = "dwarf-with-dsym";
				ENABLE_NS_ASSERTIONS = NO;
				ENABLE_STRICT_OBJC_MSGSEND = YES;
				GCC_C_LANGUAGE_STANDARD = gnu11;
				GCC_NO_COMMON_BLOCKS = YES;
				GCC_WARN_64_TO_32_BIT_CONVERSION = YES;
				GCC_WARN_ABOUT_RETURN_TYPE = YES_ERROR;
				GCC_WARN_UNDECLARED_SELECTOR = YES;
				GCC_WARN_UNINITIALIZED_AUTOS = YES_AGGRESSIVE;
				GCC_WARN_UNUSED_FUNCTION = YES;
				GCC_WARN_UNUSED_VARIABLE = YES;
				IPHONEOS_DEPLOYMENT_TARGET = 16.1;
				MTL_ENABLE_DEBUG_INFO = NO;
				MTL_FAST_MATH = YES;
				SDKROOT = iphoneos;
				SWIFT_COMPILATION_MODE = wholemodule;
				SWIFT_OPTIMIZATION_LEVEL = "-O";
				VALIDATE_PRODUCT = YES;
			};
			name = Release;
		};
		2D088000296A261700004EC5 /* Debug */ = {
			isa = XCBuildConfiguration;
			buildSettings = {
				ASSETCATALOG_COMPILER_APPICON_NAME = AppIcon;
				ASSETCATALOG_COMPILER_GLOBAL_ACCENT_COLOR_NAME = AccentColor;
				CODE_SIGN_STYLE = Automatic;
				CURRENT_PROJECT_VERSION = 1;
				DEVELOPMENT_ASSET_PATHS = "\"simonmcneil_squareproject/Presentation/Preview Content\"";
				DEVELOPMENT_TEAM = TKB32CN29K;
				ENABLE_PREVIEWS = YES;
				GENERATE_INFOPLIST_FILE = YES;
				INFOPLIST_KEY_UIApplicationSceneManifest_Generation = YES;
				INFOPLIST_KEY_UIApplicationSupportsIndirectInputEvents = YES;
				INFOPLIST_KEY_UILaunchScreen_Generation = YES;
				INFOPLIST_KEY_UISupportedInterfaceOrientations_iPad = "UIInterfaceOrientationPortrait UIInterfaceOrientationPortraitUpsideDown UIInterfaceOrientationLandscapeLeft UIInterfaceOrientationLandscapeRight";
				INFOPLIST_KEY_UISupportedInterfaceOrientations_iPhone = "UIInterfaceOrientationPortrait UIInterfaceOrientationLandscapeLeft UIInterfaceOrientationLandscapeRight";
				IPHONEOS_DEPLOYMENT_TARGET = 15.0;
				LD_RUNPATH_SEARCH_PATHS = (
					"$(inherited)",
					"@executable_path/Frameworks",
				);
				MARKETING_VERSION = 1.0;
				PRODUCT_BUNDLE_IDENTIFIER = "com.SimonMcNeil.simonmcneil-squareproject";
				PRODUCT_NAME = "$(TARGET_NAME)";
				SWIFT_EMIT_LOC_STRINGS = YES;
				SWIFT_VERSION = 5.0;
				TARGETED_DEVICE_FAMILY = "1,2";
			};
			name = Debug;
		};
		2D088001296A261700004EC5 /* Release */ = {
			isa = XCBuildConfiguration;
			buildSettings = {
				ASSETCATALOG_COMPILER_APPICON_NAME = AppIcon;
				ASSETCATALOG_COMPILER_GLOBAL_ACCENT_COLOR_NAME = AccentColor;
				CODE_SIGN_STYLE = Automatic;
				CURRENT_PROJECT_VERSION = 1;
				DEVELOPMENT_ASSET_PATHS = "\"simonmcneil_squareproject/Presentation/Preview Content\"";
				DEVELOPMENT_TEAM = TKB32CN29K;
				ENABLE_PREVIEWS = YES;
				GENERATE_INFOPLIST_FILE = YES;
				INFOPLIST_KEY_UIApplicationSceneManifest_Generation = YES;
				INFOPLIST_KEY_UIApplicationSupportsIndirectInputEvents = YES;
				INFOPLIST_KEY_UILaunchScreen_Generation = YES;
				INFOPLIST_KEY_UISupportedInterfaceOrientations_iPad = "UIInterfaceOrientationPortrait UIInterfaceOrientationPortraitUpsideDown UIInterfaceOrientationLandscapeLeft UIInterfaceOrientationLandscapeRight";
				INFOPLIST_KEY_UISupportedInterfaceOrientations_iPhone = "UIInterfaceOrientationPortrait UIInterfaceOrientationLandscapeLeft UIInterfaceOrientationLandscapeRight";
				IPHONEOS_DEPLOYMENT_TARGET = 15.0;
				LD_RUNPATH_SEARCH_PATHS = (
					"$(inherited)",
					"@executable_path/Frameworks",
				);
				MARKETING_VERSION = 1.0;
				PRODUCT_BUNDLE_IDENTIFIER = "com.SimonMcNeil.simonmcneil-squareproject";
				PRODUCT_NAME = "$(TARGET_NAME)";
				SWIFT_EMIT_LOC_STRINGS = YES;
				SWIFT_VERSION = 5.0;
				TARGETED_DEVICE_FAMILY = "1,2";
			};
			name = Release;
		};
		2D088003296A261700004EC5 /* Debug */ = {
			isa = XCBuildConfiguration;
			buildSettings = {
				ALWAYS_EMBED_SWIFT_STANDARD_LIBRARIES = YES;
				BUNDLE_LOADER = "$(TEST_HOST)";
				CODE_SIGN_STYLE = Automatic;
				CURRENT_PROJECT_VERSION = 1;
				DEVELOPMENT_TEAM = TKB32CN29K;
				GENERATE_INFOPLIST_FILE = YES;
				IPHONEOS_DEPLOYMENT_TARGET = 16.1;
				MARKETING_VERSION = 1.0;
				PRODUCT_BUNDLE_IDENTIFIER = "com.SimonMcNeil.simonmcneil-squareprojectTests";
				PRODUCT_NAME = "$(TARGET_NAME)";
				SWIFT_EMIT_LOC_STRINGS = NO;
				SWIFT_VERSION = 5.0;
				TARGETED_DEVICE_FAMILY = "1,2";
				TEST_HOST = "$(BUILT_PRODUCTS_DIR)/simonmcneil_squareproject.app/$(BUNDLE_EXECUTABLE_FOLDER_PATH)/simonmcneil_squareproject";
			};
			name = Debug;
		};
		2D088004296A261700004EC5 /* Release */ = {
			isa = XCBuildConfiguration;
			buildSettings = {
				ALWAYS_EMBED_SWIFT_STANDARD_LIBRARIES = YES;
				BUNDLE_LOADER = "$(TEST_HOST)";
				CODE_SIGN_STYLE = Automatic;
				CURRENT_PROJECT_VERSION = 1;
				DEVELOPMENT_TEAM = TKB32CN29K;
				GENERATE_INFOPLIST_FILE = YES;
				IPHONEOS_DEPLOYMENT_TARGET = 16.1;
				MARKETING_VERSION = 1.0;
				PRODUCT_BUNDLE_IDENTIFIER = "com.SimonMcNeil.simonmcneil-squareprojectTests";
				PRODUCT_NAME = "$(TARGET_NAME)";
				SWIFT_EMIT_LOC_STRINGS = NO;
				SWIFT_VERSION = 5.0;
				TARGETED_DEVICE_FAMILY = "1,2";
				TEST_HOST = "$(BUILT_PRODUCTS_DIR)/simonmcneil_squareproject.app/$(BUNDLE_EXECUTABLE_FOLDER_PATH)/simonmcneil_squareproject";
			};
			name = Release;
		};
		2D088006296A261700004EC5 /* Debug */ = {
			isa = XCBuildConfiguration;
			buildSettings = {
				ALWAYS_EMBED_SWIFT_STANDARD_LIBRARIES = YES;
				CODE_SIGN_STYLE = Automatic;
				CURRENT_PROJECT_VERSION = 1;
				DEVELOPMENT_TEAM = TKB32CN29K;
				GENERATE_INFOPLIST_FILE = YES;
				MARKETING_VERSION = 1.0;
				PRODUCT_BUNDLE_IDENTIFIER = "com.SimonMcNeil.simonmcneil-squareprojectUITests";
				PRODUCT_NAME = "$(TARGET_NAME)";
				SWIFT_EMIT_LOC_STRINGS = NO;
				SWIFT_VERSION = 5.0;
				TARGETED_DEVICE_FAMILY = "1,2";
				TEST_TARGET_NAME = simonmcneil_squareproject;
			};
			name = Debug;
		};
		2D088007296A261700004EC5 /* Release */ = {
			isa = XCBuildConfiguration;
			buildSettings = {
				ALWAYS_EMBED_SWIFT_STANDARD_LIBRARIES = YES;
				CODE_SIGN_STYLE = Automatic;
				CURRENT_PROJECT_VERSION = 1;
				DEVELOPMENT_TEAM = TKB32CN29K;
				GENERATE_INFOPLIST_FILE = YES;
				MARKETING_VERSION = 1.0;
				PRODUCT_BUNDLE_IDENTIFIER = "com.SimonMcNeil.simonmcneil-squareprojectUITests";
				PRODUCT_NAME = "$(TARGET_NAME)";
				SWIFT_EMIT_LOC_STRINGS = NO;
				SWIFT_VERSION = 5.0;
				TARGETED_DEVICE_FAMILY = "1,2";
				TEST_TARGET_NAME = simonmcneil_squareproject;
			};
			name = Release;
		};
/* End XCBuildConfiguration section */

/* Begin XCConfigurationList section */
		2D087FD6296A261600004EC5 /* Build configuration list for PBXProject "simonmcneil_squareproject" */ = {
			isa = XCConfigurationList;
			buildConfigurations = (
				2D087FFD296A261700004EC5 /* Debug */,
				2D087FFE296A261700004EC5 /* Release */,
			);
			defaultConfigurationIsVisible = 0;
			defaultConfigurationName = Release;
		};
		2D087FFF296A261700004EC5 /* Build configuration list for PBXNativeTarget "simonmcneil_squareproject" */ = {
			isa = XCConfigurationList;
			buildConfigurations = (
				2D088000296A261700004EC5 /* Debug */,
				2D088001296A261700004EC5 /* Release */,
			);
			defaultConfigurationIsVisible = 0;
			defaultConfigurationName = Release;
		};
		2D088002296A261700004EC5 /* Build configuration list for PBXNativeTarget "simonmcneil_squareprojectTests" */ = {
			isa = XCConfigurationList;
			buildConfigurations = (
				2D088003296A261700004EC5 /* Debug */,
				2D088004296A261700004EC5 /* Release */,
			);
			defaultConfigurationIsVisible = 0;
			defaultConfigurationName = Release;
		};
		2D088005296A261700004EC5 /* Build configuration list for PBXNativeTarget "simonmcneil_squareprojectUITests" */ = {
			isa = XCConfigurationList;
			buildConfigurations = (
				2D088006296A261700004EC5 /* Debug */,
				2D088007296A261700004EC5 /* Release */,
			);
			defaultConfigurationIsVisible = 0;
			defaultConfigurationName = Release;
		};
/* End XCConfigurationList section */

/* Begin XCRemoteSwiftPackageReference section */
		2DBE23E4296B312B007C8BE5 /* XCRemoteSwiftPackageReference "swift-collections" */ = {
			isa = XCRemoteSwiftPackageReference;
			repositoryURL = "https://github.com/apple/swift-collections.git";
			requirement = {
				kind = upToNextMajorVersion;
				minimumVersion = 1.0.0;
			};
		};
/* End XCRemoteSwiftPackageReference section */

/* Begin XCSwiftPackageProductDependency section */
		2DBE23E5296B312B007C8BE5 /* OrderedCollections */ = {
			isa = XCSwiftPackageProductDependency;
			package = 2DBE23E4296B312B007C8BE5 /* XCRemoteSwiftPackageReference "swift-collections" */;
			productName = OrderedCollections;
		};
/* End XCSwiftPackageProductDependency section */
	};
	rootObject = 2D087FD3296A261600004EC5 /* Project object */;
}
